
Microsoft Visual Studio Solution File, Format Version 12.00
# Visual Studio Version 17
VisualStudioVersion = 17.0.31903.59
MinimumVisualStudioVersion = 10.0.40219.1
Project("{FAE04EC0-301F-11D3-BF4B-00C04F79EFBC}") = "Interpreter", "Interpreter\Interpreter.csproj", "{B67313DD-D38D-4066-89FC-6281E02051BA}"
EndProject
Project("{FAE04EC0-301F-11D3-BF4B-00C04F79EFBC}") = "SharedProject", "SharedProject\SharedProject.csproj", "{23F5D4EE-D200-4451-979D-9CF15281C156}"
EndProject
Project("{FAE04EC0-301F-11D3-BF4B-00C04F79EFBC}") = "Engine", "Engine\Library\Engine.csproj", "{C2E280F8-72D7-427D-93EF-379DE824EDA9}"
EndProject
Project("{FAE04EC0-301F-11D3-BF4B-00C04F79EFBC}") = "AQL.Tests", "Tests\AQL.Tests\AQL.Tests.csproj", "{EF11D0EC-72A5-4869-B299-37A8F1928BA1}"
EndProject
Project("{2150E333-8FDC-42A3-9474-1A3956D46DE8}") = "Tests", "Tests", "{73E519F0-170A-4C1D-9A37-C1298789FF92}"
EndProject
Project("{FAE04EC0-301F-11D3-BF4B-00C04F79EFBC}") = "SimulationEngine.Tests", "Tests\SimulationEngine.Tests\SimulationEngine.Tests.csproj", "{2AAD287D-7CFD-4AD7-8C61-78DCE26E4F0D}"
EndProject
Global
	GlobalSection(SolutionConfigurationPlatforms) = preSolution
		Debug|Any CPU = Debug|Any CPU
		Debug|x64 = Debug|x64
		Debug|x86 = Debug|x86
		Release|Any CPU = Release|Any CPU
		Release|x64 = Release|x64
		Release|x86 = Release|x86
	EndGlobalSection
	GlobalSection(ProjectConfigurationPlatforms) = postSolution
		{B67313DD-D38D-4066-89FC-6281E02051BA}.Debug|Any CPU.ActiveCfg = Debug|Any CPU
		{B67313DD-D38D-4066-89FC-6281E02051BA}.Debug|Any CPU.Build.0 = Debug|Any CPU
		{B67313DD-D38D-4066-89FC-6281E02051BA}.Debug|x64.ActiveCfg = Debug|Any CPU
		{B67313DD-D38D-4066-89FC-6281E02051BA}.Debug|x64.Build.0 = Debug|Any CPU
		{B67313DD-D38D-4066-89FC-6281E02051BA}.Debug|x86.ActiveCfg = Debug|Any CPU
		{B67313DD-D38D-4066-89FC-6281E02051BA}.Debug|x86.Build.0 = Debug|Any CPU
		{B67313DD-D38D-4066-89FC-6281E02051BA}.Release|Any CPU.ActiveCfg = Release|Any CPU
		{B67313DD-D38D-4066-89FC-6281E02051BA}.Release|Any CPU.Build.0 = Release|Any CPU
		{B67313DD-D38D-4066-89FC-6281E02051BA}.Release|x64.ActiveCfg = Release|Any CPU
		{B67313DD-D38D-4066-89FC-6281E02051BA}.Release|x64.Build.0 = Release|Any CPU
		{B67313DD-D38D-4066-89FC-6281E02051BA}.Release|x86.ActiveCfg = Release|Any CPU
		{B67313DD-D38D-4066-89FC-6281E02051BA}.Release|x86.Build.0 = Release|Any CPU
		{23F5D4EE-D200-4451-979D-9CF15281C156}.Debug|Any CPU.ActiveCfg = Debug|Any CPU
		{23F5D4EE-D200-4451-979D-9CF15281C156}.Debug|Any CPU.Build.0 = Debug|Any CPU
		{23F5D4EE-D200-4451-979D-9CF15281C156}.Debug|x64.ActiveCfg = Debug|Any CPU
		{23F5D4EE-D200-4451-979D-9CF15281C156}.Debug|x64.Build.0 = Debug|Any CPU
		{23F5D4EE-D200-4451-979D-9CF15281C156}.Debug|x86.ActiveCfg = Debug|Any CPU
		{23F5D4EE-D200-4451-979D-9CF15281C156}.Debug|x86.Build.0 = Debug|Any CPU
		{23F5D4EE-D200-4451-979D-9CF15281C156}.Release|Any CPU.ActiveCfg = Release|Any CPU
		{23F5D4EE-D200-4451-979D-9CF15281C156}.Release|Any CPU.Build.0 = Release|Any CPU
		{23F5D4EE-D200-4451-979D-9CF15281C156}.Release|x64.ActiveCfg = Release|Any CPU
		{23F5D4EE-D200-4451-979D-9CF15281C156}.Release|x64.Build.0 = Release|Any CPU
		{23F5D4EE-D200-4451-979D-9CF15281C156}.Release|x86.ActiveCfg = Release|Any CPU
		{23F5D4EE-D200-4451-979D-9CF15281C156}.Release|x86.Build.0 = Release|Any CPU
		{C2E280F8-72D7-427D-93EF-379DE824EDA9}.Debug|Any CPU.ActiveCfg = Debug|Any CPU
		{C2E280F8-72D7-427D-93EF-379DE824EDA9}.Debug|Any CPU.Build.0 = Debug|Any CPU
		{C2E280F8-72D7-427D-93EF-379DE824EDA9}.Debug|x64.ActiveCfg = Debug|Any CPU
		{C2E280F8-72D7-427D-93EF-379DE824EDA9}.Debug|x64.Build.0 = Debug|Any CPU
		{C2E280F8-72D7-427D-93EF-379DE824EDA9}.Debug|x86.ActiveCfg = Debug|Any CPU
		{C2E280F8-72D7-427D-93EF-379DE824EDA9}.Debug|x86.Build.0 = Debug|Any CPU
		{C2E280F8-72D7-427D-93EF-379DE824EDA9}.Release|Any CPU.ActiveCfg = Release|Any CPU
		{C2E280F8-72D7-427D-93EF-379DE824EDA9}.Release|Any CPU.Build.0 = Release|Any CPU
		{C2E280F8-72D7-427D-93EF-379DE824EDA9}.Release|x64.ActiveCfg = Release|Any CPU
		{C2E280F8-72D7-427D-93EF-379DE824EDA9}.Release|x64.Build.0 = Release|Any CPU
		{C2E280F8-72D7-427D-93EF-379DE824EDA9}.Release|x86.ActiveCfg = Release|Any CPU
		{C2E280F8-72D7-427D-93EF-379DE824EDA9}.Release|x86.Build.0 = Release|Any CPU
		{EF11D0EC-72A5-4869-B299-37A8F1928BA1}.Debug|Any CPU.ActiveCfg = Debug|Any CPU
		{EF11D0EC-72A5-4869-B299-37A8F1928BA1}.Debug|Any CPU.Build.0 = Debug|Any CPU
		{EF11D0EC-72A5-4869-B299-37A8F1928BA1}.Debug|x64.ActiveCfg = Debug|Any CPU
		{EF11D0EC-72A5-4869-B299-37A8F1928BA1}.Debug|x64.Build.0 = Debug|Any CPU
		{EF11D0EC-72A5-4869-B299-37A8F1928BA1}.Debug|x86.ActiveCfg = Debug|Any CPU
		{EF11D0EC-72A5-4869-B299-37A8F1928BA1}.Debug|x86.Build.0 = Debug|Any CPU
		{EF11D0EC-72A5-4869-B299-37A8F1928BA1}.Release|Any CPU.ActiveCfg = Release|Any CPU
		{EF11D0EC-72A5-4869-B299-37A8F1928BA1}.Release|Any CPU.Build.0 = Release|Any CPU
		{EF11D0EC-72A5-4869-B299-37A8F1928BA1}.Release|x64.ActiveCfg = Release|Any CPU
		{EF11D0EC-72A5-4869-B299-37A8F1928BA1}.Release|x64.Build.0 = Release|Any CPU
		{EF11D0EC-72A5-4869-B299-37A8F1928BA1}.Release|x86.ActiveCfg = Release|Any CPU
		{EF11D0EC-72A5-4869-B299-37A8F1928BA1}.Release|x86.Build.0 = Release|Any CPU
		{2AAD287D-7CFD-4AD7-8C61-78DCE26E4F0D}.Debug|Any CPU.ActiveCfg = Debug|Any CPU
		{2AAD287D-7CFD-4AD7-8C61-78DCE26E4F0D}.Debug|Any CPU.Build.0 = Debug|Any CPU
		{2AAD287D-7CFD-4AD7-8C61-78DCE26E4F0D}.Debug|x64.ActiveCfg = Debug|Any CPU
		{2AAD287D-7CFD-4AD7-8C61-78DCE26E4F0D}.Debug|x64.Build.0 = Debug|Any CPU
		{2AAD287D-7CFD-4AD7-8C61-78DCE26E4F0D}.Debug|x86.ActiveCfg = Debug|Any CPU
		{2AAD287D-7CFD-4AD7-8C61-78DCE26E4F0D}.Debug|x86.Build.0 = Debug|Any CPU
		{2AAD287D-7CFD-4AD7-8C61-78DCE26E4F0D}.Release|Any CPU.ActiveCfg = Release|Any CPU
		{2AAD287D-7CFD-4AD7-8C61-78DCE26E4F0D}.Release|Any CPU.Build.0 = Release|Any CPU
		{2AAD287D-7CFD-4AD7-8C61-78DCE26E4F0D}.Release|x64.ActiveCfg = Release|Any CPU
		{2AAD287D-7CFD-4AD7-8C61-78DCE26E4F0D}.Release|x64.Build.0 = Release|Any CPU
		{2AAD287D-7CFD-4AD7-8C61-78DCE26E4F0D}.Release|x86.ActiveCfg = Release|Any CPU
		{2AAD287D-7CFD-4AD7-8C61-78DCE26E4F0D}.Release|x86.Build.0 = Release|Any CPU
	EndGlobalSection
	GlobalSection(SolutionProperties) = preSolution
		HideSolutionNode = FALSE
	EndGlobalSection
	GlobalSection(NestedProjects) = preSolution
		{2AAD287D-7CFD-4AD7-8C61-78DCE26E4F0D} = {73E519F0-170A-4C1D-9A37-C1298789FF92}
	EndGlobalSection
EndGlobal
